// !$*UTF8*$!
{
	archiveVersion = 1;
	classes = {
	};
	objectVersion = 51;
	objects = {

/* Begin PBXBuildFile section */
		E1859F44E2F317712C78DB21 /* Pods_Sikh_Hoard.framework in Frameworks */ = {isa = PBXBuildFile; fileRef = 605A4FF1E67A439D6A4C09AA /* Pods_Sikh_Hoard.framework */; };
		F71F59252674C496008B2675 /* SikhHoard.xcdatamodeld in Sources */ = {isa = PBXBuildFile; fileRef = F71F59232674C496008B2675 /* SikhHoard.xcdatamodeld */; };
		F761322E2684835300196619 /* Product.swift in Sources */ = {isa = PBXBuildFile; fileRef = F761322D2684835300196619 /* Product.swift */; };
		F76132302684837300196619 /* HomeViewController.swift in Sources */ = {isa = PBXBuildFile; fileRef = F761322F2684837300196619 /* HomeViewController.swift */; };
		F76132322684863F00196619 /* HomeCollectionViewCell.swift in Sources */ = {isa = PBXBuildFile; fileRef = F76132312684863F00196619 /* HomeCollectionViewCell.swift */; };
		F788FD51266CEBBB0084860D /* AppDelegate.swift in Sources */ = {isa = PBXBuildFile; fileRef = F788FD50266CEBBB0084860D /* AppDelegate.swift */; };
		F788FD58266CEBBC0084860D /* Main.storyboard in Resources */ = {isa = PBXBuildFile; fileRef = F788FD56266CEBBC0084860D /* Main.storyboard */; };
		F788FD5A266CEBBC0084860D /* Assets.xcassets in Resources */ = {isa = PBXBuildFile; fileRef = F788FD59266CEBBC0084860D /* Assets.xcassets */; };
		F788FD5D266CEBBC0084860D /* LaunchScreen.storyboard in Resources */ = {isa = PBXBuildFile; fileRef = F788FD5B266CEBBC0084860D /* LaunchScreen.storyboard */; };
		F7E75E5926948A1A0047B3B2 /* CartViewController.swift in Sources */ = {isa = PBXBuildFile; fileRef = F7E75E5826948A1A0047B3B2 /* CartViewController.swift */; };
		F7E75E5D26948B240047B3B2 /* CartTableViewCell.swift in Sources */ = {isa = PBXBuildFile; fileRef = F7E75E5C26948B240047B3B2 /* CartTableViewCell.swift */; };
		F7F5CB26268B42A90015CD49 /* HomeSelectedViewController.swift in Sources */ = {isa = PBXBuildFile; fileRef = F7F5CB25268B42A90015CD49 /* HomeSelectedViewController.swift */; };
		F7F67964269AE0DA00478FD3 /* CoreData.framework in Frameworks */ = {isa = PBXBuildFile; fileRef = F7F67963269AE0DA00478FD3 /* CoreData.framework */; };
		F7F67966269AE1C200478FD3 /* DatabaseHelper.swift in Sources */ = {isa = PBXBuildFile; fileRef = F7F67965269AE1C200478FD3 /* DatabaseHelper.swift */; };
		F7F67990269B02E000478FD3 /* Cart+CoreDataProperties.swift in Sources */ = {isa = PBXBuildFile; fileRef = F7F6798F269B02E000478FD3 /* Cart+CoreDataProperties.swift */; };
		F7F67991269B02E000478FD3 /* Cart+CoreDataClass.swift in Sources */ = {isa = PBXBuildFile; fileRef = F7F6798E269B02E000478FD3 /* Cart+CoreDataClass.swift */; };
/* End PBXBuildFile section */

/* Begin PBXFileReference section */
		322480BB7A2CF6EEFD4467DA /* Pods-Sikh Hoard.release.xcconfig */ = {isa = PBXFileReference; includeInIndex = 1; lastKnownFileType = text.xcconfig; name = "Pods-Sikh Hoard.release.xcconfig"; path = "Target Support Files/Pods-Sikh Hoard/Pods-Sikh Hoard.release.xcconfig"; sourceTree = "<group>"; };
		36D69B6BB0EE95EFB0B5C867 /* Pods-Sikh Hoard.debug.xcconfig */ = {isa = PBXFileReference; includeInIndex = 1; lastKnownFileType = text.xcconfig; name = "Pods-Sikh Hoard.debug.xcconfig"; path = "Target Support Files/Pods-Sikh Hoard/Pods-Sikh Hoard.debug.xcconfig"; sourceTree = "<group>"; };
		605A4FF1E67A439D6A4C09AA /* Pods_Sikh_Hoard.framework */ = {isa = PBXFileReference; explicitFileType = wrapper.framework; includeInIndex = 0; path = Pods_Sikh_Hoard.framework; sourceTree = BUILT_PRODUCTS_DIR; };
		F71F59242674C496008B2675 /* Sikh Hoard.xcdatamodel */ = {isa = PBXFileReference; lastKnownFileType = wrapper.xcdatamodel; path = "Sikh Hoard.xcdatamodel"; sourceTree = "<group>"; };
		F761322D2684835300196619 /* Product.swift */ = {isa = PBXFileReference; lastKnownFileType = sourcecode.swift; path = Product.swift; sourceTree = "<group>"; };
		F761322F2684837300196619 /* HomeViewController.swift */ = {isa = PBXFileReference; lastKnownFileType = sourcecode.swift; path = HomeViewController.swift; sourceTree = "<group>"; };
		F76132312684863F00196619 /* HomeCollectionViewCell.swift */ = {isa = PBXFileReference; lastKnownFileType = sourcecode.swift; path = HomeCollectionViewCell.swift; sourceTree = "<group>"; };
		F788FD4D266CEBBB0084860D /* Sikh Hoard.app */ = {isa = PBXFileReference; explicitFileType = wrapper.application; includeInIndex = 0; path = "Sikh Hoard.app"; sourceTree = BUILT_PRODUCTS_DIR; };
		F788FD50266CEBBB0084860D /* AppDelegate.swift */ = {isa = PBXFileReference; lastKnownFileType = sourcecode.swift; path = AppDelegate.swift; sourceTree = "<group>"; };
		F788FD57266CEBBC0084860D /* Base */ = {isa = PBXFileReference; lastKnownFileType = file.storyboard; name = Base; path = Base.lproj/Main.storyboard; sourceTree = "<group>"; };
		F788FD59266CEBBC0084860D /* Assets.xcassets */ = {isa = PBXFileReference; lastKnownFileType = folder.assetcatalog; path = Assets.xcassets; sourceTree = "<group>"; };
		F788FD5C266CEBBC0084860D /* Base */ = {isa = PBXFileReference; lastKnownFileType = file.storyboard; name = Base; path = Base.lproj/LaunchScreen.storyboard; sourceTree = "<group>"; };
		F788FD5E266CEBBC0084860D /* Info.plist */ = {isa = PBXFileReference; lastKnownFileType = text.plist.xml; path = Info.plist; sourceTree = "<group>"; };
		F7E75E5826948A1A0047B3B2 /* CartViewController.swift */ = {isa = PBXFileReference; lastKnownFileType = sourcecode.swift; path = CartViewController.swift; sourceTree = "<group>"; };
		F7E75E5C26948B240047B3B2 /* CartTableViewCell.swift */ = {isa = PBXFileReference; lastKnownFileType = sourcecode.swift; path = CartTableViewCell.swift; sourceTree = "<group>"; };
		F7F5CB25268B42A90015CD49 /* HomeSelectedViewController.swift */ = {isa = PBXFileReference; lastKnownFileType = sourcecode.swift; path = HomeSelectedViewController.swift; sourceTree = "<group>"; };
		F7F67963269AE0DA00478FD3 /* CoreData.framework */ = {isa = PBXFileReference; lastKnownFileType = wrapper.framework; name = CoreData.framework; path = System/Library/Frameworks/CoreData.framework; sourceTree = SDKROOT; };
		F7F67965269AE1C200478FD3 /* DatabaseHelper.swift */ = {isa = PBXFileReference; lastKnownFileType = sourcecode.swift; path = DatabaseHelper.swift; sourceTree = "<group>"; };
		F7F6798E269B02E000478FD3 /* Cart+CoreDataClass.swift */ = {isa = PBXFileReference; lastKnownFileType = sourcecode.swift; name = "Cart+CoreDataClass.swift"; path = "/Users/kulpreetsingh/Desktop/SikhHoard/Sikh Hoard/Cart+CoreDataClass.swift"; sourceTree = "<absolute>"; };
		F7F6798F269B02E000478FD3 /* Cart+CoreDataProperties.swift */ = {isa = PBXFileReference; lastKnownFileType = sourcecode.swift; name = "Cart+CoreDataProperties.swift"; path = "/Users/kulpreetsingh/Desktop/SikhHoard/Sikh Hoard/Cart+CoreDataProperties.swift"; sourceTree = "<absolute>"; };
/* End PBXFileReference section */

/* Begin PBXFrameworksBuildPhase section */
		F788FD4A266CEBBB0084860D /* Frameworks */ = {
			isa = PBXFrameworksBuildPhase;
			buildActionMask = 2147483647;
			files = (
				F7F67964269AE0DA00478FD3 /* CoreData.framework in Frameworks */,
				E1859F44E2F317712C78DB21 /* Pods_Sikh_Hoard.framework in Frameworks */,
			);
			runOnlyForDeploymentPostprocessing = 0;
		};
/* End PBXFrameworksBuildPhase section */

/* Begin PBXGroup section */
		0C57E9A276E60D8F8A6ED287 /* Frameworks */ = {
			isa = PBXGroup;
			children = (
				F7F67963269AE0DA00478FD3 /* CoreData.framework */,
				605A4FF1E67A439D6A4C09AA /* Pods_Sikh_Hoard.framework */,
			);
			name = Frameworks;
			sourceTree = "<group>";
		};
		F3AA3501271DAC45A3C1DC35 /* Pods */ = {
			isa = PBXGroup;
			children = (
				36D69B6BB0EE95EFB0B5C867 /* Pods-Sikh Hoard.debug.xcconfig */,
				322480BB7A2CF6EEFD4467DA /* Pods-Sikh Hoard.release.xcconfig */,
			);
			path = Pods;
			sourceTree = "<group>";
		};
		F788FD44266CEBBB0084860D = {
			isa = PBXGroup;
			children = (
				F788FD4F266CEBBB0084860D /* Sikh Hoard */,
				F788FD4E266CEBBB0084860D /* Products */,
				F3AA3501271DAC45A3C1DC35 /* Pods */,
				0C57E9A276E60D8F8A6ED287 /* Frameworks */,
			);
			sourceTree = "<group>";
		};
		F788FD4E266CEBBB0084860D /* Products */ = {
			isa = PBXGroup;
			children = (
				F788FD4D266CEBBB0084860D /* Sikh Hoard.app */,
			);
			name = Products;
			sourceTree = "<group>";
		};
		F788FD4F266CEBBB0084860D /* Sikh Hoard */ = {
			isa = PBXGroup;
			children = (
				F788FD50266CEBBB0084860D /* AppDelegate.swift */,
				F761322F2684837300196619 /* HomeViewController.swift */,
				F76132312684863F00196619 /* HomeCollectionViewCell.swift */,
				F7F5CB25268B42A90015CD49 /* HomeSelectedViewController.swift */,
				F7E75E5826948A1A0047B3B2 /* CartViewController.swift */,
				F7E75E5C26948B240047B3B2 /* CartTableViewCell.swift */,
				F761322D2684835300196619 /* Product.swift */,
				F7F67965269AE1C200478FD3 /* DatabaseHelper.swift */,
				F7F6798E269B02E000478FD3 /* Cart+CoreDataClass.swift */,
				F7F6798F269B02E000478FD3 /* Cart+CoreDataProperties.swift */,
				F788FD56266CEBBC0084860D /* Main.storyboard */,
				F788FD59266CEBBC0084860D /* Assets.xcassets */,
				F788FD5B266CEBBC0084860D /* LaunchScreen.storyboard */,
				F71F59232674C496008B2675 /* SikhHoard.xcdatamodeld */,
				F788FD5E266CEBBC0084860D /* Info.plist */,
			);
			path = "Sikh Hoard";
			sourceTree = "<group>";
		};
/* End PBXGroup section */

/* Begin PBXNativeTarget section */
		F788FD4C266CEBBB0084860D /* Sikh Hoard */ = {
			isa = PBXNativeTarget;
			buildConfigurationList = F788FD61266CEBBC0084860D /* Build configuration list for PBXNativeTarget "Sikh Hoard" */;
			buildPhases = (
				F363BF49C104E77E99AB83D5 /* [CP] Check Pods Manifest.lock */,
				F788FD49266CEBBB0084860D /* Sources */,
				F788FD4A266CEBBB0084860D /* Frameworks */,
				F788FD4B266CEBBB0084860D /* Resources */,
				65A2548086D9F30D05222642 /* [CP] Embed Pods Frameworks */,
			);
			buildRules = (
			);
			dependencies = (
			);
			name = "Sikh Hoard";
			productName = "Sikh Hoard";
			productReference = F788FD4D266CEBBB0084860D /* Sikh Hoard.app */;
			productType = "com.apple.product-type.application";
		};
/* End PBXNativeTarget section */

/* Begin PBXProject section */
		F788FD45266CEBBB0084860D /* Project object */ = {
			isa = PBXProject;
			attributes = {
				LastSwiftUpdateCheck = 1000;
				LastUpgradeCheck = 1000;
				ORGANIZATIONNAME = kulpreet;
				TargetAttributes = {
					F788FD4C266CEBBB0084860D = {
						CreatedOnToolsVersion = 10.0;
						LastSwiftMigration = 1140;
					};
				};
			};
			buildConfigurationList = F788FD48266CEBBB0084860D /* Build configuration list for PBXProject "Sikh Hoard" */;
			compatibilityVersion = "Xcode 9.3";
			developmentRegion = en;
			hasScannedForEncodings = 0;
			knownRegions = (
				en,
				Base,
			);
			mainGroup = F788FD44266CEBBB0084860D;
			productRefGroup = F788FD4E266CEBBB0084860D /* Products */;
			projectDirPath = "";
			projectRoot = "";
			targets = (
				F788FD4C266CEBBB0084860D /* Sikh Hoard */,
			);
		};
/* End PBXProject section */

/* Begin PBXResourcesBuildPhase section */
		F788FD4B266CEBBB0084860D /* Resources */ = {
			isa = PBXResourcesBuildPhase;
			buildActionMask = 2147483647;
			files = (
				F788FD5D266CEBBC0084860D /* LaunchScreen.storyboard in Resources */,
				F788FD5A266CEBBC0084860D /* Assets.xcassets in Resources */,
				F788FD58266CEBBC0084860D /* Main.storyboard in Resources */,
			);
			runOnlyForDeploymentPostprocessing = 0;
		};
/* End PBXResourcesBuildPhase section */

/* Begin PBXShellScriptBuildPhase section */
		65A2548086D9F30D05222642 /* [CP] Embed Pods Frameworks */ = {
			isa = PBXShellScriptBuildPhase;
			buildActionMask = 2147483647;
			files = (
			);
			inputFileListPaths = (
				"${PODS_ROOT}/Target Support Files/Pods-Sikh Hoard/Pods-Sikh Hoard-frameworks-${CONFIGURATION}-input-files.xcfilelist",
			);
			name = "[CP] Embed Pods Frameworks";
			outputFileListPaths = (
				"${PODS_ROOT}/Target Support Files/Pods-Sikh Hoard/Pods-Sikh Hoard-frameworks-${CONFIGURATION}-output-files.xcfilelist",
			);
			runOnlyForDeploymentPostprocessing = 0;
			shellPath = /bin/sh;
			shellScript = "\"${PODS_ROOT}/Target Support Files/Pods-Sikh Hoard/Pods-Sikh Hoard-frameworks.sh\"\n";
			showEnvVarsInLog = 0;
		};
		F363BF49C104E77E99AB83D5 /* [CP] Check Pods Manifest.lock */ = {
			isa = PBXShellScriptBuildPhase;
			buildActionMask = 2147483647;
			files = (
			);
			inputFileListPaths = (
			);
			inputPaths = (
				"${PODS_PODFILE_DIR_PATH}/Podfile.lock",
				"${PODS_ROOT}/Manifest.lock",
			);
			name = "[CP] Check Pods Manifest.lock";
			outputFileListPaths = (
			);
			outputPaths = (
				"$(DERIVED_FILE_DIR)/Pods-Sikh Hoard-checkManifestLockResult.txt",
			);
			runOnlyForDeploymentPostprocessing = 0;
			shellPath = /bin/sh;
			shellScript = "diff \"${PODS_PODFILE_DIR_PATH}/Podfile.lock\" \"${PODS_ROOT}/Manifest.lock\" > /dev/null\nif [ $? != 0 ] ; then\n    # print error to STDERR\n    echo \"error: The sandbox is not in sync with the Podfile.lock. Run 'pod install' or update your CocoaPods installation.\" >&2\n    exit 1\nfi\n# This output is used by Xcode 'outputs' to avoid re-running this script phase.\necho \"SUCCESS\" > \"${SCRIPT_OUTPUT_FILE_0}\"\n";
			showEnvVarsInLog = 0;
		};
/* End PBXShellScriptBuildPhase section */

/* Begin PBXSourcesBuildPhase section */
		F788FD49266CEBBB0084860D /* Sources */ = {
			isa = PBXSourcesBuildPhase;
			buildActionMask = 2147483647;
			files = (
				F7F5CB26268B42A90015CD49 /* HomeSelectedViewController.swift in Sources */,
				F7F67991269B02E000478FD3 /* Cart+CoreDataClass.swift in Sources */,
				F7F67990269B02E000478FD3 /* Cart+CoreDataProperties.swift in Sources */,
				F76132322684863F00196619 /* HomeCollectionViewCell.swift in Sources */,
				F7F67966269AE1C200478FD3 /* DatabaseHelper.swift in Sources */,
				F7E75E5926948A1A0047B3B2 /* CartViewController.swift in Sources */,
				F761322E2684835300196619 /* Product.swift in Sources */,
				F71F59252674C496008B2675 /* SikhHoard.xcdatamodeld in Sources */,
				F788FD51266CEBBB0084860D /* AppDelegate.swift in Sources */,
				F76132302684837300196619 /* HomeViewController.swift in Sources */,
				F7E75E5D26948B240047B3B2 /* CartTableViewCell.swift in Sources */,
			);
			runOnlyForDeploymentPostprocessing = 0;
		};
/* End PBXSourcesBuildPhase section */

/* Begin PBXVariantGroup section */
		F788FD56266CEBBC0084860D /* Main.storyboard */ = {
			isa = PBXVariantGroup;
			children = (
				F788FD57266CEBBC0084860D /* Base */,
			);
			name = Main.storyboard;
			sourceTree = "<group>";
		};
		F788FD5B266CEBBC0084860D /* LaunchScreen.storyboard */ = {
			isa = PBXVariantGroup;
			children = (
				F788FD5C266CEBBC0084860D /* Base */,
			);
			name = LaunchScreen.storyboard;
			sourceTree = "<group>";
		};
/* End PBXVariantGroup section */

/* Begin XCBuildConfiguration section */
		F788FD5F266CEBBC0084860D /* Debug */ = {
			isa = XCBuildConfiguration;
			buildSettings = {
				ALWAYS_SEARCH_USER_PATHS = NO;
				CLANG_ANALYZER_NONNULL = YES;
				CLANG_ANALYZER_NUMBER_OBJECT_CONVERSION = YES_AGGRESSIVE;
				CLANG_CXX_LANGUAGE_STANDARD = "gnu++14";
				CLANG_CXX_LIBRARY = "libc++";
				CLANG_ENABLE_MODULES = YES;
				CLANG_ENABLE_OBJC_ARC = YES;
				CLANG_ENABLE_OBJC_WEAK = YES;
				CLANG_WARN_BLOCK_CAPTURE_AUTORELEASING = YES;
				CLANG_WARN_BOOL_CONVERSION = YES;
				CLANG_WARN_COMMA = YES;
				CLANG_WARN_CONSTANT_CONVERSION = YES;
				CLANG_WARN_DEPRECATED_OBJC_IMPLEMENTATIONS = YES;
				CLANG_WARN_DIRECT_OBJC_ISA_USAGE = YES_ERROR;
				CLANG_WARN_DOCUMENTATION_COMMENTS = YES;
				CLANG_WARN_EMPTY_BODY = YES;
				CLANG_WARN_ENUM_CONVERSION = YES;
				CLANG_WARN_INFINITE_RECURSION = YES;
				CLANG_WARN_INT_CONVERSION = YES;
				CLANG_WARN_NON_LITERAL_NULL_CONVERSION = YES;
				CLANG_WARN_OBJC_IMPLICIT_RETAIN_SELF = YES;
				CLANG_WARN_OBJC_LITERAL_CONVERSION = YES;
				CLANG_WARN_OBJC_ROOT_CLASS = YES_ERROR;
				CLANG_WARN_RANGE_LOOP_ANALYSIS = YES;
				CLANG_WARN_STRICT_PROTOTYPES = YES;
				CLANG_WARN_SUSPICIOUS_MOVE = YES;
				CLANG_WARN_UNGUARDED_AVAILABILITY = YES_AGGRESSIVE;
				CLANG_WARN_UNREACHABLE_CODE = YES;
				CLANG_WARN__DUPLICATE_METHOD_MATCH = YES;
				CODE_SIGN_IDENTITY = "iPhone Developer";
				COPY_PHASE_STRIP = NO;
				DEBUG_INFORMATION_FORMAT = dwarf;
				ENABLE_STRICT_OBJC_MSGSEND = YES;
				ENABLE_TESTABILITY = YES;
				GCC_C_LANGUAGE_STANDARD = gnu11;
				GCC_DYNAMIC_NO_PIC = NO;
				GCC_NO_COMMON_BLOCKS = YES;
				GCC_OPTIMIZATION_LEVEL = 0;
				GCC_PREPROCESSOR_DEFINITIONS = (
					"DEBUG=1",
					"$(inherited)",
				);
				GCC_WARN_64_TO_32_BIT_CONVERSION = YES;
				GCC_WARN_ABOUT_RETURN_TYPE = YES_ERROR;
				GCC_WARN_UNDECLARED_SELECTOR = YES;
				GCC_WARN_UNINITIALIZED_AUTOS = YES_AGGRESSIVE;
				GCC_WARN_UNUSED_FUNCTION = YES;
				GCC_WARN_UNUSED_VARIABLE = YES;
				IPHONEOS_DEPLOYMENT_TARGET = 11.4;
				MTL_ENABLE_DEBUG_INFO = INCLUDE_SOURCE;
				MTL_FAST_MATH = YES;
				ONLY_ACTIVE_ARCH = YES;
				SDKROOT = iphoneos;
				SWIFT_ACTIVE_COMPILATION_CONDITIONS = DEBUG;
				SWIFT_OPTIMIZATION_LEVEL = "-Onone";
			};
			name = Debug;
		};
		F788FD60266CEBBC0084860D /* Release */ = {
			isa = XCBuildConfiguration;
			buildSettings = {
				ALWAYS_SEARCH_USER_PATHS = NO;
				CLANG_ANALYZER_NONNULL = YES;
				CLANG_ANALYZER_NUMBER_OBJECT_CONVERSION = YES_AGGRESSIVE;
				CLANG_CXX_LANGUAGE_STANDARD = "gnu++14";
				CLANG_CXX_LIBRARY = "libc++";
				CLANG_ENABLE_MODULES = YES;
				CLANG_ENABLE_OBJC_ARC = YES;
				CLANG_ENABLE_OBJC_WEAK = YES;
				CLANG_WARN_BLOCK_CAPTURE_AUTORELEASING = YES;
				CLANG_WARN_BOOL_CONVERSION = YES;
				CLANG_WARN_COMMA = YES;
				CLANG_WARN_CONSTANT_CONVERSION = YES;
				CLANG_WARN_DEPRECATED_OBJC_IMPLEMENTATIONS = YES;
				CLANG_WARN_DIRECT_OBJC_ISA_USAGE = YES_ERROR;
				CLANG_WARN_DOCUMENTATION_COMMENTS = YES;
				CLANG_WARN_EMPTY_BODY = YES;
				CLANG_WARN_ENUM_CONVERSION = YES;
				CLANG_WARN_INFINITE_RECURSION = YES;
				CLANG_WARN_INT_CONVERSION = YES;
				CLANG_WARN_NON_LITERAL_NULL_CONVERSION = YES;
				CLANG_WARN_OBJC_IMPLICIT_RETAIN_SELF = YES;
				CLANG_WARN_OBJC_LITERAL_CONVERSION = YES;
				CLANG_WARN_OBJC_ROOT_CLASS = YES_ERROR;
				CLANG_WARN_RANGE_LOOP_ANALYSIS = YES;
				CLANG_WARN_STRICT_PROTOTYPES = YES;
				CLANG_WARN_SUSPICIOUS_MOVE = YES;
				CLANG_WARN_UNGUARDED_AVAILABILITY = YES_AGGRESSIVE;
				CLANG_WARN_UNREACHABLE_CODE = YES;
				CLANG_WARN__DUPLICATE_METHOD_MATCH = YES;
				CODE_SIGN_IDENTITY = "iPhone Developer";
				COPY_PHASE_STRIP = NO;
				DEBUG_INFORMATION_FORMAT = "dwarf-with-dsym";
				ENABLE_NS_ASSERTIONS = NO;
				ENABLE_STRICT_OBJC_MSGSEND = YES;
				GCC_C_LANGUAGE_STANDARD = gnu11;
				GCC_NO_COMMON_BLOCKS = YES;
				GCC_WARN_64_TO_32_BIT_CONVERSION = YES;
				GCC_WARN_ABOUT_RETURN_TYPE = YES_ERROR;
				GCC_WARN_UNDECLARED_SELECTOR = YES;
				GCC_WARN_UNINITIALIZED_AUTOS = YES_AGGRESSIVE;
				GCC_WARN_UNUSED_FUNCTION = YES;
				GCC_WARN_UNUSED_VARIABLE = YES;
				IPHONEOS_DEPLOYMENT_TARGET = 11.4;
				MTL_ENABLE_DEBUG_INFO = NO;
				MTL_FAST_MATH = YES;
				SDKROOT = iphoneos;
				SWIFT_COMPILATION_MODE = wholemodule;
				SWIFT_OPTIMIZATION_LEVEL = "-O";
				VALIDATE_PRODUCT = YES;
			};
			name = Release;
		};
		F788FD62266CEBBC0084860D /* Debug */ = {
			isa = XCBuildConfiguration;
			baseConfigurationReference = 36D69B6BB0EE95EFB0B5C867 /* Pods-Sikh Hoard.debug.xcconfig */;
			buildSettings = {
				ASSETCATALOG_COMPILER_APPICON_NAME = AppIcon;
				CODE_SIGN_STYLE = Automatic;
				DEVELOPMENT_TEAM = 9283RP2W98;
				INFOPLIST_FILE = "Sikh Hoard/Info.plist";
				IPHONEOS_DEPLOYMENT_TARGET = 11.4;
				LD_RUNPATH_SEARCH_PATHS = (
					"$(inherited)",
					"@executable_path/Frameworks",
				);
				PRODUCT_BUNDLE_IDENTIFIER = "com.kulpreet.Sikh-Hoard";
				PRODUCT_NAME = "$(TARGET_NAME)";
				SWIFT_VERSION = 5.0;
				TARGETED_DEVICE_FAMILY = "1,2";
			};
			name = Debug;
		};
		F788FD63266CEBBC0084860D /* Release */ = {
			isa = XCBuildConfiguration;
			baseConfigurationReference = 322480BB7A2CF6EEFD4467DA /* Pods-Sikh Hoard.release.xcconfig */;
			buildSettings = {
				ASSETCATALOG_COMPILER_APPICON_NAME = AppIcon;
				CODE_SIGN_STYLE = Automatic;
				DEVELOPMENT_TEAM = 9283RP2W98;
				INFOPLIST_FILE = "Sikh Hoard/Info.plist";
				IPHONEOS_DEPLOYMENT_TARGET = 11.4;
				LD_RUNPATH_SEARCH_PATHS = (
					"$(inherited)",
					"@executable_path/Frameworks",
				);
				PRODUCT_BUNDLE_IDENTIFIER = "com.kulpreet.Sikh-Hoard";
				PRODUCT_NAME = "$(TARGET_NAME)";
				SWIFT_VERSION = 5.0;
				TARGETED_DEVICE_FAMILY = "1,2";
			};
			name = Release;
		};
/* End XCBuildConfiguration section */

/* Begin XCConfigurationList section */
		F788FD48266CEBBB0084860D /* Build configuration list for PBXProject "Sikh Hoard" */ = {
			isa = XCConfigurationList;
			buildConfigurations = (
				F788FD5F266CEBBC0084860D /* Debug */,
				F788FD60266CEBBC0084860D /* Release */,
			);
			defaultConfigurationIsVisible = 0;
			defaultConfigurationName = Release;
		};
		F788FD61266CEBBC0084860D /* Build configuration list for PBXNativeTarget "Sikh Hoard" */ = {
			isa = XCConfigurationList;
			buildConfigurations = (
				F788FD62266CEBBC0084860D /* Debug */,
				F788FD63266CEBBC0084860D /* Release */,
			);
			defaultConfigurationIsVisible = 0;
			defaultConfigurationName = Release;
		};
/* End XCConfigurationList section */

/* Begin XCVersionGroup section */
		F71F59232674C496008B2675 /* SikhHoard.xcdatamodeld */ = {
			isa = XCVersionGroup;
			children = (
				F71F59242674C496008B2675 /* Sikh Hoard.xcdatamodel */,
			);
			currentVersion = F71F59242674C496008B2675 /* Sikh Hoard.xcdatamodel */;
			path = SikhHoard.xcdatamodeld;
			sourceTree = "<group>";
			versionGroupType = wrapper.xcdatamodel;
		};
/* End XCVersionGroup section */
	};
	rootObject = F788FD45266CEBBB0084860D /* Project object */;
}
